
Microsoft Visual Studio Solution File, Format Version 12.00
# Visual Studio Version 17
VisualStudioVersion = 17.14.36915.13
MinimumVisualStudioVersion = 10.0.40219.1
Project("{FAE04EC0-301F-11D3-BF4B-00C04F79EFBC}") = "SecureChat.DAL", "SecureChat.DAL\SecureChat.DAL.csproj", "{F51A99C2-46A3-47DE-A58F-05B76744CE77}"
EndProject
Project("{FAE04EC0-301F-11D3-BF4B-00C04F79EFBC}") = "SecureChat.BLL", "SecureChat.BLL\SecureChat.BLL.csproj", "{D8DF6835-0DB9-4284-9AE7-4285FAA44962}"
EndProject
Project("{FAE04EC0-301F-11D3-BF4B-00C04F79EFBC}") = "SecureChat.API", "SecureChat.API\SecureChat.API.csproj", "{15234D6E-375E-43A7-9CFA-AABACDF9F440}"
EndProject
Global
	GlobalSection(SolutionConfigurationPlatforms) = preSolution
		Debug|Any CPU = Debug|Any CPU
		Release|Any CPU = Release|Any CPU
	EndGlobalSection
	GlobalSection(ProjectConfigurationPlatforms) = postSolution
		{F51A99C2-46A3-47DE-A58F-05B76744CE77}.Debug|Any CPU.ActiveCfg = Debug|Any CPU
		{F51A99C2-46A3-47DE-A58F-05B76744CE77}.Debug|Any CPU.Build.0 = Debug|Any CPU
		{F51A99C2-46A3-47DE-A58F-05B76744CE77}.Release|Any CPU.ActiveCfg = Release|Any CPU
		{F51A99C2-46A3-47DE-A58F-05B76744CE77}.Release|Any CPU.Build.0 = Release|Any CPU
		{D8DF6835-0DB9-4284-9AE7-4285FAA44962}.Debug|Any CPU.ActiveCfg = Debug|Any CPU
		{D8DF6835-0DB9-4284-9AE7-4285FAA44962}.Debug|Any CPU.Build.0 = Debug|Any CPU
		{D8DF6835-0DB9-4284-9AE7-4285FAA44962}.Release|Any CPU.ActiveCfg = Release|Any CPU
		{D8DF6835-0DB9-4284-9AE7-4285FAA44962}.Release|Any CPU.Build.0 = Release|Any CPU
		{15234D6E-375E-43A7-9CFA-AABACDF9F440}.Debug|Any CPU.ActiveCfg = Debug|Any CPU
		{15234D6E-375E-43A7-9CFA-AABACDF9F440}.Debug|Any CPU.Build.0 = Debug|Any CPU
		{15234D6E-375E-43A7-9CFA-AABACDF9F440}.Release|Any CPU.ActiveCfg = Release|Any CPU
		{15234D6E-375E-43A7-9CFA-AABACDF9F440}.Release|Any CPU.Build.0 = Release|Any CPU
	EndGlobalSection
	GlobalSection(SolutionProperties) = preSolution
		HideSolutionNode = FALSE
	EndGlobalSection
	GlobalSection(ExtensibilityGlobals) = postSolution
		SolutionGuid = {68DCA33D-D52A-4A79-A946-2DB3686CE5EA}
	EndGlobalSection
EndGlobal
